// !$*UTF8*$!
{
	archiveVersion = 1;
	classes = {
	};
	objectVersion = 50;
	objects = {

/* Begin PBXBuildFile section */
		71518D8DB78050178F4F3E38 /* Pods_AppicAssignment.framework in Frameworks */ = {isa = PBXBuildFile; fileRef = D4A226FAD528664BC37F1584 /* Pods_AppicAssignment.framework */; };
		986140EB260628BE0071E200 /* AppDelegate.swift in Sources */ = {isa = PBXBuildFile; fileRef = 986140EA260628BE0071E200 /* AppDelegate.swift */; };
		986140ED260628BE0071E200 /* SceneDelegate.swift in Sources */ = {isa = PBXBuildFile; fileRef = 986140EC260628BE0071E200 /* SceneDelegate.swift */; };
		986140EF260628BE0071E200 /* ViewController.swift in Sources */ = {isa = PBXBuildFile; fileRef = 986140EE260628BE0071E200 /* ViewController.swift */; };
		986140F2260628BE0071E200 /* Main.storyboard in Resources */ = {isa = PBXBuildFile; fileRef = 986140F0260628BE0071E200 /* Main.storyboard */; };
		986140F4260628BF0071E200 /* Assets.xcassets in Resources */ = {isa = PBXBuildFile; fileRef = 986140F3260628BF0071E200 /* Assets.xcassets */; };
		986140F7260628BF0071E200 /* LaunchScreen.storyboard in Resources */ = {isa = PBXBuildFile; fileRef = 986140F5260628BF0071E200 /* LaunchScreen.storyboard */; };
		986141012606290F0071E200 /* test_json.rtf in Resources */ = {isa = PBXBuildFile; fileRef = 986141002606290F0071E200 /* test_json.rtf */; };
		9861410626062A370071E200 /* MerchantData.swift in Sources */ = {isa = PBXBuildFile; fileRef = 9861410526062A370071E200 /* MerchantData.swift */; };
		9861410A26062C030071E200 /* testjson.json in Resources */ = {isa = PBXBuildFile; fileRef = 9861410926062C030071E200 /* testjson.json */; };
/* End PBXBuildFile section */

/* Begin PBXFileReference section */
		007827B99CBF73968A1E841F /* Pods-AppicAssignment.release.xcconfig */ = {isa = PBXFileReference; includeInIndex = 1; lastKnownFileType = text.xcconfig; name = "Pods-AppicAssignment.release.xcconfig"; path = "Target Support Files/Pods-AppicAssignment/Pods-AppicAssignment.release.xcconfig"; sourceTree = "<group>"; };
		124E49140D4299E3DD15C99B /* Pods-AppicAssignment.debug.xcconfig */ = {isa = PBXFileReference; includeInIndex = 1; lastKnownFileType = text.xcconfig; name = "Pods-AppicAssignment.debug.xcconfig"; path = "Target Support Files/Pods-AppicAssignment/Pods-AppicAssignment.debug.xcconfig"; sourceTree = "<group>"; };
		986140E7260628BE0071E200 /* AppicAssignment.app */ = {isa = PBXFileReference; explicitFileType = wrapper.application; includeInIndex = 0; path = AppicAssignment.app; sourceTree = BUILT_PRODUCTS_DIR; };
		986140EA260628BE0071E200 /* AppDelegate.swift */ = {isa = PBXFileReference; lastKnownFileType = sourcecode.swift; path = AppDelegate.swift; sourceTree = "<group>"; };
		986140EC260628BE0071E200 /* SceneDelegate.swift */ = {isa = PBXFileReference; lastKnownFileType = sourcecode.swift; path = SceneDelegate.swift; sourceTree = "<group>"; };
		986140EE260628BE0071E200 /* ViewController.swift */ = {isa = PBXFileReference; lastKnownFileType = sourcecode.swift; path = ViewController.swift; sourceTree = "<group>"; };
		986140F1260628BE0071E200 /* Base */ = {isa = PBXFileReference; lastKnownFileType = file.storyboard; name = Base; path = Base.lproj/Main.storyboard; sourceTree = "<group>"; };
		986140F3260628BF0071E200 /* Assets.xcassets */ = {isa = PBXFileReference; lastKnownFileType = folder.assetcatalog; path = Assets.xcassets; sourceTree = "<group>"; };
		986140F6260628BF0071E200 /* Base */ = {isa = PBXFileReference; lastKnownFileType = file.storyboard; name = Base; path = Base.lproj/LaunchScreen.storyboard; sourceTree = "<group>"; };
		986140F8260628BF0071E200 /* Info.plist */ = {isa = PBXFileReference; lastKnownFileType = text.plist.xml; path = Info.plist; sourceTree = "<group>"; };
		986141002606290F0071E200 /* test_json.rtf */ = {isa = PBXFileReference; fileEncoding = 4; lastKnownFileType = text.rtf; path = test_json.rtf; sourceTree = "<group>"; };
		9861410526062A370071E200 /* MerchantData.swift */ = {isa = PBXFileReference; lastKnownFileType = sourcecode.swift; path = MerchantData.swift; sourceTree = "<group>"; };
		9861410926062C030071E200 /* testjson.json */ = {isa = PBXFileReference; fileEncoding = 4; lastKnownFileType = text.json; path = testjson.json; sourceTree = "<group>"; };
		D4A226FAD528664BC37F1584 /* Pods_AppicAssignment.framework */ = {isa = PBXFileReference; explicitFileType = wrapper.framework; includeInIndex = 0; path = Pods_AppicAssignment.framework; sourceTree = BUILT_PRODUCTS_DIR; };
/* End PBXFileReference section */

/* Begin PBXFrameworksBuildPhase section */
		986140E4260628BE0071E200 /* Frameworks */ = {
			isa = PBXFrameworksBuildPhase;
			buildActionMask = 2147483647;
			files = (
				71518D8DB78050178F4F3E38 /* Pods_AppicAssignment.framework in Frameworks */,
			);
			runOnlyForDeploymentPostprocessing = 0;
		};
/* End PBXFrameworksBuildPhase section */

/* Begin PBXGroup section */
		8FFA74353B13B923E3C327E5 /* Pods */ = {
			isa = PBXGroup;
			children = (
				124E49140D4299E3DD15C99B /* Pods-AppicAssignment.debug.xcconfig */,
				007827B99CBF73968A1E841F /* Pods-AppicAssignment.release.xcconfig */,
			);
			name = Pods;
			path = Pods;
			sourceTree = "<group>";
		};
		986140DE260628BE0071E200 = {
			isa = PBXGroup;
			children = (
				986140E9260628BE0071E200 /* AppicAssignment */,
				986140E8260628BE0071E200 /* Products */,
				8FFA74353B13B923E3C327E5 /* Pods */,
				9E681147F9DAC3F10E0A8350 /* Frameworks */,
			);
			sourceTree = "<group>";
		};
		986140E8260628BE0071E200 /* Products */ = {
			isa = PBXGroup;
			children = (
				986140E7260628BE0071E200 /* AppicAssignment.app */,
			);
			name = Products;
			sourceTree = "<group>";
		};
		986140E9260628BE0071E200 /* AppicAssignment */ = {
			isa = PBXGroup;
			children = (
				98614104260629940071E200 /* Models */,
				986140EE260628BE0071E200 /* ViewController.swift */,
				986140F0260628BE0071E200 /* Main.storyboard */,
				986140F8260628BF0071E200 /* Info.plist */,
				98614103260629140071E200 /* Resources */,
			);
			path = AppicAssignment;
			sourceTree = "<group>";
		};
		98614103260629140071E200 /* Resources */ = {
			isa = PBXGroup;
			children = (
				986140EA260628BE0071E200 /* AppDelegate.swift */,
				986140EC260628BE0071E200 /* SceneDelegate.swift */,
				986140F5260628BF0071E200 /* LaunchScreen.storyboard */,
				986140F3260628BF0071E200 /* Assets.xcassets */,
				986141002606290F0071E200 /* test_json.rtf */,
				9861410926062C030071E200 /* testjson.json */,
			);
			path = Resources;
			sourceTree = "<group>";
		};
		98614104260629940071E200 /* Models */ = {
			isa = PBXGroup;
			children = (
				9861410526062A370071E200 /* MerchantData.swift */,
			);
			path = Models;
			sourceTree = "<group>";
		};
		9E681147F9DAC3F10E0A8350 /* Frameworks */ = {
			isa = PBXGroup;
			children = (
				D4A226FAD528664BC37F1584 /* Pods_AppicAssignment.framework */,
			);
			name = Frameworks;
			sourceTree = "<group>";
		};
/* End PBXGroup section */

/* Begin PBXNativeTarget section */
		986140E6260628BE0071E200 /* AppicAssignment */ = {
			isa = PBXNativeTarget;
			buildConfigurationList = 986140FB260628BF0071E200 /* Build configuration list for PBXNativeTarget "AppicAssignment" */;
			buildPhases = (
				7C73DFC8FCA89BB4D1B19A4B /* [CP] Check Pods Manifest.lock */,
				986140E3260628BE0071E200 /* Sources */,
				986140E4260628BE0071E200 /* Frameworks */,
				986140E5260628BE0071E200 /* Resources */,
				45FEA0926C4D65FE45023FFB /* [CP] Embed Pods Frameworks */,
			);
			buildRules = (
			);
			dependencies = (
			);
			name = AppicAssignment;
			productName = AppicAssignment;
			productReference = 986140E7260628BE0071E200 /* AppicAssignment.app */;
			productType = "com.apple.product-type.application";
		};
/* End PBXNativeTarget section */

/* Begin PBXProject section */
		986140DF260628BE0071E200 /* Project object */ = {
			isa = PBXProject;
			attributes = {
				LastSwiftUpdateCheck = 1240;
				LastUpgradeCheck = 1240;
				TargetAttributes = {
					986140E6260628BE0071E200 = {
						CreatedOnToolsVersion = 12.4;
					};
				};
			};
			buildConfigurationList = 986140E2260628BE0071E200 /* Build configuration list for PBXProject "AppicAssignment" */;
			compatibilityVersion = "Xcode 9.3";
			developmentRegion = en;
			hasScannedForEncodings = 0;
			knownRegions = (
				en,
				Base,
			);
			mainGroup = 986140DE260628BE0071E200;
			productRefGroup = 986140E8260628BE0071E200 /* Products */;
			projectDirPath = "";
			projectRoot = "";
			targets = (
				986140E6260628BE0071E200 /* AppicAssignment */,
			);
		};
/* End PBXProject section */

/* Begin PBXResourcesBuildPhase section */
		986140E5260628BE0071E200 /* Resources */ = {
			isa = PBXResourcesBuildPhase;
			buildActionMask = 2147483647;
			files = (
				986140F7260628BF0071E200 /* LaunchScreen.storyboard in Resources */,
				986140F4260628BF0071E200 /* Assets.xcassets in Resources */,
				9861410A26062C030071E200 /* testjson.json in Resources */,
				986141012606290F0071E200 /* test_json.rtf in Resources */,
				986140F2260628BE0071E200 /* Main.storyboard in Resources */,
			);
			runOnlyForDeploymentPostprocessing = 0;
		};
/* End PBXResourcesBuildPhase section */

/* Begin PBXShellScriptBuildPhase section */
		45FEA0926C4D65FE45023FFB /* [CP] Embed Pods Frameworks */ = {
			isa = PBXShellScriptBuildPhase;
			buildActionMask = 2147483647;
			files = (
			);
			inputFileListPaths = (
				"${PODS_ROOT}/Target Support Files/Pods-AppicAssignment/Pods-AppicAssignment-frameworks-${CONFIGURATION}-input-files.xcfilelist",
			);
			name = "[CP] Embed Pods Frameworks";
			outputFileListPaths = (
				"${PODS_ROOT}/Target Support Files/Pods-AppicAssignment/Pods-AppicAssignment-frameworks-${CONFIGURATION}-output-files.xcfilelist",
			);
			runOnlyForDeploymentPostprocessing = 0;
			shellPath = /bin/sh;
			shellScript = "\"${PODS_ROOT}/Target Support Files/Pods-AppicAssignment/Pods-AppicAssignment-frameworks.sh\"\n";
			showEnvVarsInLog = 0;
		};
		7C73DFC8FCA89BB4D1B19A4B /* [CP] Check Pods Manifest.lock */ = {
			isa = PBXShellScriptBuildPhase;
			buildActionMask = 2147483647;
			files = (
			);
			inputFileListPaths = (
			);
			inputPaths = (
				"${PODS_PODFILE_DIR_PATH}/Podfile.lock",
				"${PODS_ROOT}/Manifest.lock",
			);
			name = "[CP] Check Pods Manifest.lock";
			outputFileListPaths = (
			);
			outputPaths = (
				"$(DERIVED_FILE_DIR)/Pods-AppicAssignment-checkManifestLockResult.txt",
			);
			runOnlyForDeploymentPostprocessing = 0;
			shellPath = /bin/sh;
			shellScript = "diff \"${PODS_PODFILE_DIR_PATH}/Podfile.lock\" \"${PODS_ROOT}/Manifest.lock\" > /dev/null\nif [ $? != 0 ] ; then\n    # print error to STDERR\n    echo \"error: The sandbox is not in sync with the Podfile.lock. Run 'pod install' or update your CocoaPods installation.\" >&2\n    exit 1\nfi\n# This output is used by Xcode 'outputs' to avoid re-running this script phase.\necho \"SUCCESS\" > \"${SCRIPT_OUTPUT_FILE_0}\"\n";
			showEnvVarsInLog = 0;
		};
/* End PBXShellScriptBuildPhase section */

/* Begin PBXSourcesBuildPhase section */
		986140E3260628BE0071E200 /* Sources */ = {
			isa = PBXSourcesBuildPhase;
			buildActionMask = 2147483647;
			files = (
				986140EF260628BE0071E200 /* ViewController.swift in Sources */,
				9861410626062A370071E200 /* MerchantData.swift in Sources */,
				986140EB260628BE0071E200 /* AppDelegate.swift in Sources */,
				986140ED260628BE0071E200 /* SceneDelegate.swift in Sources */,
			);
			runOnlyForDeploymentPostprocessing = 0;
		};
/* End PBXSourcesBuildPhase section */

/* Begin PBXVariantGroup section */
		986140F0260628BE0071E200 /* Main.storyboard */ = {
			isa = PBXVariantGroup;
			children = (
				986140F1260628BE0071E200 /* Base */,
			);
			name = Main.storyboard;
			sourceTree = "<group>";
		};
		986140F5260628BF0071E200 /* LaunchScreen.storyboard */ = {
			isa = PBXVariantGroup;
			children = (
				986140F6260628BF0071E200 /* Base */,
			);
			name = LaunchScreen.storyboard;
			sourceTree = "<group>";
		};
/* End PBXVariantGroup section */

/* Begin XCBuildConfiguration section */
		986140F9260628BF0071E200 /* Debug */ = {
			isa = XCBuildConfiguration;
			buildSettings = {
				ALWAYS_SEARCH_USER_PATHS = NO;
				CLANG_ANALYZER_NONNULL = YES;
				CLANG_ANALYZER_NUMBER_OBJECT_CONVERSION = YES_AGGRESSIVE;
				CLANG_CXX_LANGUAGE_STANDARD = "gnu++14";
				CLANG_CXX_LIBRARY = "libc++";
				CLANG_ENABLE_MODULES = YES;
				CLANG_ENABLE_OBJC_ARC = YES;
				CLANG_ENABLE_OBJC_WEAK = YES;
				CLANG_WARN_BLOCK_CAPTURE_AUTORELEASING = YES;
				CLANG_WARN_BOOL_CONVERSION = YES;
				CLANG_WARN_COMMA = YES;
				CLANG_WARN_CONSTANT_CONVERSION = YES;
				CLANG_WARN_DEPRECATED_OBJC_IMPLEMENTATIONS = YES;
				CLANG_WARN_DIRECT_OBJC_ISA_USAGE = YES_ERROR;
				CLANG_WARN_DOCUMENTATION_COMMENTS = YES;
				CLANG_WARN_EMPTY_BODY = YES;
				CLANG_WARN_ENUM_CONVERSION = YES;
				CLANG_WARN_INFINITE_RECURSION = YES;
				CLANG_WARN_INT_CONVERSION = YES;
				CLANG_WARN_NON_LITERAL_NULL_CONVERSION = YES;
				CLANG_WARN_OBJC_IMPLICIT_RETAIN_SELF = YES;
				CLANG_WARN_OBJC_LITERAL_CONVERSION = YES;
				CLANG_WARN_OBJC_ROOT_CLASS = YES_ERROR;
				CLANG_WARN_QUOTED_INCLUDE_IN_FRAMEWORK_HEADER = YES;
				CLANG_WARN_RANGE_LOOP_ANALYSIS = YES;
				CLANG_WARN_STRICT_PROTOTYPES = YES;
				CLANG_WARN_SUSPICIOUS_MOVE = YES;
				CLANG_WARN_UNGUARDED_AVAILABILITY = YES_AGGRESSIVE;
				CLANG_WARN_UNREACHABLE_CODE = YES;
				CLANG_WARN__DUPLICATE_METHOD_MATCH = YES;
				COPY_PHASE_STRIP = NO;
				DEBUG_INFORMATION_FORMAT = dwarf;
				ENABLE_STRICT_OBJC_MSGSEND = YES;
				ENABLE_TESTABILITY = YES;
				GCC_C_LANGUAGE_STANDARD = gnu11;
				GCC_DYNAMIC_NO_PIC = NO;
				GCC_NO_COMMON_BLOCKS = YES;
				GCC_OPTIMIZATION_LEVEL = 0;
				GCC_PREPROCESSOR_DEFINITIONS = (
					"DEBUG=1",
					"$(inherited)",
				);
				GCC_WARN_64_TO_32_BIT_CONVERSION = YES;
				GCC_WARN_ABOUT_RETURN_TYPE = YES_ERROR;
				GCC_WARN_UNDECLARED_SELECTOR = YES;
				GCC_WARN_UNINITIALIZED_AUTOS = YES_AGGRESSIVE;
				GCC_WARN_UNUSED_FUNCTION = YES;
				GCC_WARN_UNUSED_VARIABLE = YES;
				IPHONEOS_DEPLOYMENT_TARGET = 13.0;
				MTL_ENABLE_DEBUG_INFO = INCLUDE_SOURCE;
				MTL_FAST_MATH = YES;
				ONLY_ACTIVE_ARCH = YES;
				SDKROOT = iphoneos;
				SWIFT_ACTIVE_COMPILATION_CONDITIONS = DEBUG;
				SWIFT_OPTIMIZATION_LEVEL = "-Onone";
			};
			name = Debug;
		};
		986140FA260628BF0071E200 /* Release */ = {
			isa = XCBuildConfiguration;
			buildSettings = {
				ALWAYS_SEARCH_USER_PATHS = NO;
				CLANG_ANALYZER_NONNULL = YES;
				CLANG_ANALYZER_NUMBER_OBJECT_CONVERSION = YES_AGGRESSIVE;
				CLANG_CXX_LANGUAGE_STANDARD = "gnu++14";
				CLANG_CXX_LIBRARY = "libc++";
				CLANG_ENABLE_MODULES = YES;
				CLANG_ENABLE_OBJC_ARC = YES;
				CLANG_ENABLE_OBJC_WEAK = YES;
				CLANG_WARN_BLOCK_CAPTURE_AUTORELEASING = YES;
				CLANG_WARN_BOOL_CONVERSION = YES;
				CLANG_WARN_COMMA = YES;
				CLANG_WARN_CONSTANT_CONVERSION = YES;
				CLANG_WARN_DEPRECATED_OBJC_IMPLEMENTATIONS = YES;
				CLANG_WARN_DIRECT_OBJC_ISA_USAGE = YES_ERROR;
				CLANG_WARN_DOCUMENTATION_COMMENTS = YES;
				CLANG_WARN_EMPTY_BODY = YES;
				CLANG_WARN_ENUM_CONVERSION = YES;
				CLANG_WARN_INFINITE_RECURSION = YES;
				CLANG_WARN_INT_CONVERSION = YES;
				CLANG_WARN_NON_LITERAL_NULL_CONVERSION = YES;
				CLANG_WARN_OBJC_IMPLICIT_RETAIN_SELF = YES;
				CLANG_WARN_OBJC_LITERAL_CONVERSION = YES;
				CLANG_WARN_OBJC_ROOT_CLASS = YES_ERROR;
				CLANG_WARN_QUOTED_INCLUDE_IN_FRAMEWORK_HEADER = YES;
				CLANG_WARN_RANGE_LOOP_ANALYSIS = YES;
				CLANG_WARN_STRICT_PROTOTYPES = YES;
				CLANG_WARN_SUSPICIOUS_MOVE = YES;
				CLANG_WARN_UNGUARDED_AVAILABILITY = YES_AGGRESSIVE;
				CLANG_WARN_UNREACHABLE_CODE = YES;
				CLANG_WARN__DUPLICATE_METHOD_MATCH = YES;
				COPY_PHASE_STRIP = NO;
				DEBUG_INFORMATION_FORMAT = "dwarf-with-dsym";
				ENABLE_NS_ASSERTIONS = NO;
				ENABLE_STRICT_OBJC_MSGSEND = YES;
				GCC_C_LANGUAGE_STANDARD = gnu11;
				GCC_NO_COMMON_BLOCKS = YES;
				GCC_WARN_64_TO_32_BIT_CONVERSION = YES;
				GCC_WARN_ABOUT_RETURN_TYPE = YES_ERROR;
				GCC_WARN_UNDECLARED_SELECTOR = YES;
				GCC_WARN_UNINITIALIZED_AUTOS = YES_AGGRESSIVE;
				GCC_WARN_UNUSED_FUNCTION = YES;
				GCC_WARN_UNUSED_VARIABLE = YES;
				IPHONEOS_DEPLOYMENT_TARGET = 13.0;
				MTL_ENABLE_DEBUG_INFO = NO;
				MTL_FAST_MATH = YES;
				SDKROOT = iphoneos;
				SWIFT_COMPILATION_MODE = wholemodule;
				SWIFT_OPTIMIZATION_LEVEL = "-O";
				VALIDATE_PRODUCT = YES;
			};
			name = Release;
		};
		986140FC260628BF0071E200 /* Debug */ = {
			isa = XCBuildConfiguration;
			baseConfigurationReference = 124E49140D4299E3DD15C99B /* Pods-AppicAssignment.debug.xcconfig */;
			buildSettings = {
				ASSETCATALOG_COMPILER_APPICON_NAME = AppIcon;
				ASSETCATALOG_COMPILER_GLOBAL_ACCENT_COLOR_NAME = AccentColor;
				CODE_SIGN_STYLE = Manual;
				DEVELOPMENT_TEAM = "";
				INFOPLIST_FILE = AppicAssignment/Info.plist;
				LD_RUNPATH_SEARCH_PATHS = (
					"$(inherited)",
					"@executable_path/Frameworks",
				);
				PRODUCT_BUNDLE_IDENTIFIER = com.dtanwar.AppicAssignment;
				PRODUCT_NAME = "$(TARGET_NAME)";
				PROVISIONING_PROFILE_SPECIFIER = "";
				SWIFT_VERSION = 5.0;
				TARGETED_DEVICE_FAMILY = "1,2";
			};
			name = Debug;
		};
		986140FD260628BF0071E200 /* Release */ = {
			isa = XCBuildConfiguration;
			baseConfigurationReference = 007827B99CBF73968A1E841F /* Pods-AppicAssignment.release.xcconfig */;
			buildSettings = {
				ASSETCATALOG_COMPILER_APPICON_NAME = AppIcon;
				ASSETCATALOG_COMPILER_GLOBAL_ACCENT_COLOR_NAME = AccentColor;
				CODE_SIGN_STYLE = Manual;
				DEVELOPMENT_TEAM = "";
				INFOPLIST_FILE = AppicAssignment/Info.plist;
				LD_RUNPATH_SEARCH_PATHS = (
					"$(inherited)",
					"@executable_path/Frameworks",
				);
				PRODUCT_BUNDLE_IDENTIFIER = com.dtanwar.AppicAssignment;
				PRODUCT_NAME = "$(TARGET_NAME)";
				PROVISIONING_PROFILE_SPECIFIER = "";
				SWIFT_VERSION = 5.0;
				TARGETED_DEVICE_FAMILY = "1,2";
			};
			name = Release;
		};
/* End XCBuildConfiguration section */

/* Begin XCConfigurationList section */
		986140E2260628BE0071E200 /* Build configuration list for PBXProject "AppicAssignment" */ = {
			isa = XCConfigurationList;
			buildConfigurations = (
				986140F9260628BF0071E200 /* Debug */,
				986140FA260628BF0071E200 /* Release */,
			);
			defaultConfigurationIsVisible = 0;
			defaultConfigurationName = Release;
		};
		986140FB260628BF0071E200 /* Build configuration list for PBXNativeTarget "AppicAssignment" */ = {
			isa = XCConfigurationList;
			buildConfigurations = (
				986140FC260628BF0071E200 /* Debug */,
				986140FD260628BF0071E200 /* Release */,
			);
			defaultConfigurationIsVisible = 0;
			defaultConfigurationName = Release;
		};
/* End XCConfigurationList section */
	};
	rootObject = 986140DF260628BE0071E200 /* Project object */;
}
